
Microsoft Visual Studio Solution File, Format Version 12.00
# Visual Studio Version 17
VisualStudioVersion = 17.3.32901.215
MinimumVisualStudioVersion = 10.0.40219.1
Project("{FAE04EC0-301F-11D3-BF4B-00C04F79EFBC}") = "for döngüsü 6 1359", "for döngüsü 6 1359\for döngüsü 6 1359.csproj", "{DEAD8E8F-6908-4F71-A30D-4BE859FE55D3}"
EndProject
Global
	GlobalSection(SolutionConfigurationPlatforms) = preSolution
		Debug|Any CPU = Debug|Any CPU
		Release|Any CPU = Release|Any CPU
	EndGlobalSection
	GlobalSection(ProjectConfigurationPlatforms) = postSolution
		{DEAD8E8F-6908-4F71-A30D-4BE859FE55D3}.Debug|Any CPU.ActiveCfg = Debug|Any CPU
		{DEAD8E8F-6908-4F71-A30D-4BE859FE55D3}.Debug|Any CPU.Build.0 = Debug|Any CPU
		{DEAD8E8F-6908-4F71-A30D-4BE859FE55D3}.Release|Any CPU.ActiveCfg = Release|Any CPU
		{DEAD8E8F-6908-4F71-A30D-4BE859FE55D3}.Release|Any CPU.Build.0 = Release|Any CPU
	EndGlobalSection
	GlobalSection(SolutionProperties) = preSolution
		HideSolutionNode = FALSE
	EndGlobalSection
	GlobalSection(ExtensibilityGlobals) = postSolution
		SolutionGuid = {EF30F3B7-6E3D-4F94-A8A0-20DEC18CD4C7}
	EndGlobalSection
EndGlobal
